
Microsoft Visual Studio Solution File, Format Version 12.00
# Visual Studio 14
VisualStudioVersion = 14.0.25420.1
MinimumVisualStudioVersion = 10.0.40219.1
Project("{2150E333-8FDC-42A3-9474-1A3956D46DE8}") = "html-reader", "html-reader", "{AE332BB1-BB88-4D68-9F78-38E0E7D90B34}"
EndProject
Project("{FAE04EC0-301F-11D3-BF4B-00C04F79EFBC}") = "HtmlReader", "html-reader\HtmlReader\HtmlReader.csproj", "{1B417761-B125-495F-B07D-8A8AC78CCEB2}"
EndProject
Project("{FAE04EC0-301F-11D3-BF4B-00C04F79EFBC}") = "HtmlReader.Entity", "html-reader\HtmlReader.Entity\HtmlReader.Entity.csproj", "{1A3D3041-B683-4B9B-AF66-9DCF2930FE42}"
EndProject
Project("{FAE04EC0-301F-11D3-BF4B-00C04F79EFBC}") = "HtmlReader.Tests", "html-reader\HtmlReader.Tests\HtmlReader.Tests.csproj", "{1E886EDB-EAEA-4E30-BA6A-0869A54A4495}"
EndProject
Project("{2150E333-8FDC-42A3-9474-1A3956D46DE8}") = "html-normalizer", "html-normalizer", "{AA374430-8726-4639-A98C-8E448325961A}"
EndProject
Project("{FAE04EC0-301F-11D3-BF4B-00C04F79EFBC}") = "HtmlNormalizer", "html-normalizer\HtmlNormalizer\HtmlNormalizer.csproj", "{502F72C7-D953-4DDD-8B72-C20903B8A234}"
EndProject
Project("{FAE04EC0-301F-11D3-BF4B-00C04F79EFBC}") = "HtmlNormalizer.Test", "html-normalizer\HtmlNormalizer.Test\HtmlNormalizer.Test.csproj", "{2C8F69F6-7521-492C-AA56-7F0DC897DAEC}"
EndProject
Project("{2150E333-8FDC-42A3-9474-1A3956D46DE8}") = "curl", "curl", "{9692423D-165D-4C4E-9F1E-45A290582D11}"
EndProject
Project("{FAE04EC0-301F-11D3-BF4B-00C04F79EFBC}") = "Curl", "curl\Curl\Curl.csproj", "{98F167AC-0CFB-4E7F-8E67-57615B373DED}"
EndProject
Project("{FAE04EC0-301F-11D3-BF4B-00C04F79EFBC}") = "Curl.Test", "curl\Curl.Test\Curl.Test.csproj", "{D71F62AB-0202-48EF-AFBB-0861A95E1D34}"
EndProject
Project("{2150E333-8FDC-42A3-9474-1A3956D46DE8}") = "emailer", "emailer", "{0507B016-D3CA-4041-8814-397EEEAD9288}"
EndProject
Project("{FAE04EC0-301F-11D3-BF4B-00C04F79EFBC}") = "Emailer", "emailer\Emailer\Emailer.csproj", "{93DF0E1C-FB3E-4005-B8E7-58806908CA6F}"
EndProject
Project("{FAE04EC0-301F-11D3-BF4B-00C04F79EFBC}") = "Emailer.Tests", "emailer\Emailer.Tests\Emailer.Tests.csproj", "{43CF5612-829E-4F11-9192-718171AAFDD9}"
EndProject
Project("{2150E333-8FDC-42A3-9474-1A3956D46DE8}") = "tasks", "tasks", "{EDE28F08-A808-4069-A03D-802CB5F2A0E7}"
EndProject
Project("{2150E333-8FDC-42A3-9474-1A3956D46DE8}") = "altium", "altium", "{644CDA73-B24E-4F7E-AFB2-0C1C91FE0945}"
EndProject
Project("{2150E333-8FDC-42A3-9474-1A3956D46DE8}") = "playtika", "playtika", "{70CA3773-ACA3-40F7-AD1E-C63EC59EE123}"
EndProject
Project("{FAE04EC0-301F-11D3-BF4B-00C04F79EFBC}") = "Dir.Ex", "tasks\playtika\Dir.Ex\Dir.Ex.csproj", "{020729AB-C65D-49CB-9B2C-BB0A931EE0E4}"
EndProject
Project("{FAE04EC0-301F-11D3-BF4B-00C04F79EFBC}") = "Dir.Console", "tasks\playtika\Dir.Console\Dir.Console.csproj", "{F0D97943-B95C-4478-BB6D-CB9E70CC792B}"
EndProject
Project("{FAE04EC0-301F-11D3-BF4B-00C04F79EFBC}") = "Dir.Test", "tasks\playtika\Dir.Test\Dir.Test.csproj", "{1EE0C0E6-950C-48C7-AEC7-ADF0BF0575EF}"
EndProject
Project("{FAE04EC0-301F-11D3-BF4B-00C04F79EFBC}") = "App", "tasks\altium\App\App.csproj", "{D983797A-BC68-49DB-AE23-8EFC0B3D8903}"
EndProject
Project("{FAE04EC0-301F-11D3-BF4B-00C04F79EFBC}") = "Lib", "tasks\altium\Lib\Lib.csproj", "{2BFEE737-5DC6-4049-AC9D-15AA438EC9EB}"
EndProject
Project("{FAE04EC0-301F-11D3-BF4B-00C04F79EFBC}") = "Lib.Tests", "tasks\altium\Lib.Tests\Lib.Tests.csproj", "{45E8A1EB-FF29-4DC9-BF62-BFC5F196D3C6}"
EndProject
Global
	GlobalSection(SolutionConfigurationPlatforms) = preSolution
		Debug|Any CPU = Debug|Any CPU
		Debug|x86 = Debug|x86
		Release|Any CPU = Release|Any CPU
		Release|x86 = Release|x86
	EndGlobalSection
	GlobalSection(ProjectConfigurationPlatforms) = postSolution
		{1B417761-B125-495F-B07D-8A8AC78CCEB2}.Debug|Any CPU.ActiveCfg = Debug|Any CPU
		{1B417761-B125-495F-B07D-8A8AC78CCEB2}.Debug|Any CPU.Build.0 = Debug|Any CPU
		{1B417761-B125-495F-B07D-8A8AC78CCEB2}.Debug|x86.ActiveCfg = Debug|Any CPU
		{1B417761-B125-495F-B07D-8A8AC78CCEB2}.Debug|x86.Build.0 = Debug|Any CPU
		{1B417761-B125-495F-B07D-8A8AC78CCEB2}.Release|Any CPU.ActiveCfg = Release|Any CPU
		{1B417761-B125-495F-B07D-8A8AC78CCEB2}.Release|Any CPU.Build.0 = Release|Any CPU
		{1B417761-B125-495F-B07D-8A8AC78CCEB2}.Release|x86.ActiveCfg = Release|Any CPU
		{1B417761-B125-495F-B07D-8A8AC78CCEB2}.Release|x86.Build.0 = Release|Any CPU
		{1A3D3041-B683-4B9B-AF66-9DCF2930FE42}.Debug|Any CPU.ActiveCfg = Debug|x86
		{1A3D3041-B683-4B9B-AF66-9DCF2930FE42}.Debug|x86.ActiveCfg = Debug|x86
		{1A3D3041-B683-4B9B-AF66-9DCF2930FE42}.Debug|x86.Build.0 = Debug|x86
		{1A3D3041-B683-4B9B-AF66-9DCF2930FE42}.Release|Any CPU.ActiveCfg = Release|x86
		{1A3D3041-B683-4B9B-AF66-9DCF2930FE42}.Release|x86.ActiveCfg = Release|x86
		{1A3D3041-B683-4B9B-AF66-9DCF2930FE42}.Release|x86.Build.0 = Release|x86
		{1E886EDB-EAEA-4E30-BA6A-0869A54A4495}.Debug|Any CPU.ActiveCfg = Debug|Any CPU
		{1E886EDB-EAEA-4E30-BA6A-0869A54A4495}.Debug|Any CPU.Build.0 = Debug|Any CPU
		{1E886EDB-EAEA-4E30-BA6A-0869A54A4495}.Debug|x86.ActiveCfg = Debug|Any CPU
		{1E886EDB-EAEA-4E30-BA6A-0869A54A4495}.Debug|x86.Build.0 = Debug|Any CPU
		{1E886EDB-EAEA-4E30-BA6A-0869A54A4495}.Release|Any CPU.ActiveCfg = Release|Any CPU
		{1E886EDB-EAEA-4E30-BA6A-0869A54A4495}.Release|Any CPU.Build.0 = Release|Any CPU
		{1E886EDB-EAEA-4E30-BA6A-0869A54A4495}.Release|x86.ActiveCfg = Release|Any CPU
		{1E886EDB-EAEA-4E30-BA6A-0869A54A4495}.Release|x86.Build.0 = Release|Any CPU
		{502F72C7-D953-4DDD-8B72-C20903B8A234}.Debug|Any CPU.ActiveCfg = Debug|Any CPU
		{502F72C7-D953-4DDD-8B72-C20903B8A234}.Debug|Any CPU.Build.0 = Debug|Any CPU
		{502F72C7-D953-4DDD-8B72-C20903B8A234}.Debug|x86.ActiveCfg = Debug|Any CPU
		{502F72C7-D953-4DDD-8B72-C20903B8A234}.Debug|x86.Build.0 = Debug|Any CPU
		{502F72C7-D953-4DDD-8B72-C20903B8A234}.Release|Any CPU.ActiveCfg = Release|Any CPU
		{502F72C7-D953-4DDD-8B72-C20903B8A234}.Release|Any CPU.Build.0 = Release|Any CPU
		{502F72C7-D953-4DDD-8B72-C20903B8A234}.Release|x86.ActiveCfg = Release|Any CPU
		{502F72C7-D953-4DDD-8B72-C20903B8A234}.Release|x86.Build.0 = Release|Any CPU
		{2C8F69F6-7521-492C-AA56-7F0DC897DAEC}.Debug|Any CPU.ActiveCfg = Debug|Any CPU
		{2C8F69F6-7521-492C-AA56-7F0DC897DAEC}.Debug|Any CPU.Build.0 = Debug|Any CPU
		{2C8F69F6-7521-492C-AA56-7F0DC897DAEC}.Debug|x86.ActiveCfg = Debug|Any CPU
		{2C8F69F6-7521-492C-AA56-7F0DC897DAEC}.Debug|x86.Build.0 = Debug|Any CPU
		{2C8F69F6-7521-492C-AA56-7F0DC897DAEC}.Release|Any CPU.ActiveCfg = Release|Any CPU
		{2C8F69F6-7521-492C-AA56-7F0DC897DAEC}.Release|Any CPU.Build.0 = Release|Any CPU
		{2C8F69F6-7521-492C-AA56-7F0DC897DAEC}.Release|x86.ActiveCfg = Release|Any CPU
		{2C8F69F6-7521-492C-AA56-7F0DC897DAEC}.Release|x86.Build.0 = Release|Any CPU
		{98F167AC-0CFB-4E7F-8E67-57615B373DED}.Debug|Any CPU.ActiveCfg = Debug|Any CPU
		{98F167AC-0CFB-4E7F-8E67-57615B373DED}.Debug|Any CPU.Build.0 = Debug|Any CPU
		{98F167AC-0CFB-4E7F-8E67-57615B373DED}.Debug|x86.ActiveCfg = Debug|Any CPU
		{98F167AC-0CFB-4E7F-8E67-57615B373DED}.Debug|x86.Build.0 = Debug|Any CPU
		{98F167AC-0CFB-4E7F-8E67-57615B373DED}.Release|Any CPU.ActiveCfg = Release|Any CPU
		{98F167AC-0CFB-4E7F-8E67-57615B373DED}.Release|Any CPU.Build.0 = Release|Any CPU
		{98F167AC-0CFB-4E7F-8E67-57615B373DED}.Release|x86.ActiveCfg = Release|Any CPU
		{98F167AC-0CFB-4E7F-8E67-57615B373DED}.Release|x86.Build.0 = Release|Any CPU
		{D71F62AB-0202-48EF-AFBB-0861A95E1D34}.Debug|Any CPU.ActiveCfg = Debug|Any CPU
		{D71F62AB-0202-48EF-AFBB-0861A95E1D34}.Debug|Any CPU.Build.0 = Debug|Any CPU
		{D71F62AB-0202-48EF-AFBB-0861A95E1D34}.Debug|x86.ActiveCfg = Debug|Any CPU
		{D71F62AB-0202-48EF-AFBB-0861A95E1D34}.Debug|x86.Build.0 = Debug|Any CPU
		{D71F62AB-0202-48EF-AFBB-0861A95E1D34}.Release|Any CPU.ActiveCfg = Release|Any CPU
		{D71F62AB-0202-48EF-AFBB-0861A95E1D34}.Release|Any CPU.Build.0 = Release|Any CPU
		{D71F62AB-0202-48EF-AFBB-0861A95E1D34}.Release|x86.ActiveCfg = Release|Any CPU
		{D71F62AB-0202-48EF-AFBB-0861A95E1D34}.Release|x86.Build.0 = Release|Any CPU
		{93DF0E1C-FB3E-4005-B8E7-58806908CA6F}.Debug|Any CPU.ActiveCfg = Debug|Any CPU
		{93DF0E1C-FB3E-4005-B8E7-58806908CA6F}.Debug|Any CPU.Build.0 = Debug|Any CPU
		{93DF0E1C-FB3E-4005-B8E7-58806908CA6F}.Debug|x86.ActiveCfg = Debug|Any CPU
		{93DF0E1C-FB3E-4005-B8E7-58806908CA6F}.Debug|x86.Build.0 = Debug|Any CPU
		{93DF0E1C-FB3E-4005-B8E7-58806908CA6F}.Release|Any CPU.ActiveCfg = Release|Any CPU
		{93DF0E1C-FB3E-4005-B8E7-58806908CA6F}.Release|Any CPU.Build.0 = Release|Any CPU
		{93DF0E1C-FB3E-4005-B8E7-58806908CA6F}.Release|x86.ActiveCfg = Release|Any CPU
		{93DF0E1C-FB3E-4005-B8E7-58806908CA6F}.Release|x86.Build.0 = Release|Any CPU
		{43CF5612-829E-4F11-9192-718171AAFDD9}.Debug|Any CPU.ActiveCfg = Debug|Any CPU
		{43CF5612-829E-4F11-9192-718171AAFDD9}.Debug|Any CPU.Build.0 = Debug|Any CPU
		{43CF5612-829E-4F11-9192-718171AAFDD9}.Debug|x86.ActiveCfg = Debug|Any CPU
		{43CF5612-829E-4F11-9192-718171AAFDD9}.Debug|x86.Build.0 = Debug|Any CPU
		{43CF5612-829E-4F11-9192-718171AAFDD9}.Release|Any CPU.ActiveCfg = Release|Any CPU
		{43CF5612-829E-4F11-9192-718171AAFDD9}.Release|Any CPU.Build.0 = Release|Any CPU
		{43CF5612-829E-4F11-9192-718171AAFDD9}.Release|x86.ActiveCfg = Release|Any CPU
		{43CF5612-829E-4F11-9192-718171AAFDD9}.Release|x86.Build.0 = Release|Any CPU
		{020729AB-C65D-49CB-9B2C-BB0A931EE0E4}.Debug|Any CPU.ActiveCfg = Debug|Any CPU
		{020729AB-C65D-49CB-9B2C-BB0A931EE0E4}.Debug|Any CPU.Build.0 = Debug|Any CPU
		{020729AB-C65D-49CB-9B2C-BB0A931EE0E4}.Debug|x86.ActiveCfg = Debug|Any CPU
		{020729AB-C65D-49CB-9B2C-BB0A931EE0E4}.Debug|x86.Build.0 = Debug|Any CPU
		{020729AB-C65D-49CB-9B2C-BB0A931EE0E4}.Release|Any CPU.ActiveCfg = Release|Any CPU
		{020729AB-C65D-49CB-9B2C-BB0A931EE0E4}.Release|Any CPU.Build.0 = Release|Any CPU
		{020729AB-C65D-49CB-9B2C-BB0A931EE0E4}.Release|x86.ActiveCfg = Release|Any CPU
		{020729AB-C65D-49CB-9B2C-BB0A931EE0E4}.Release|x86.Build.0 = Release|Any CPU
		{F0D97943-B95C-4478-BB6D-CB9E70CC792B}.Debug|Any CPU.ActiveCfg = Debug|Any CPU
		{F0D97943-B95C-4478-BB6D-CB9E70CC792B}.Debug|Any CPU.Build.0 = Debug|Any CPU
		{F0D97943-B95C-4478-BB6D-CB9E70CC792B}.Debug|x86.ActiveCfg = Debug|Any CPU
		{F0D97943-B95C-4478-BB6D-CB9E70CC792B}.Debug|x86.Build.0 = Debug|Any CPU
		{F0D97943-B95C-4478-BB6D-CB9E70CC792B}.Release|Any CPU.ActiveCfg = Release|Any CPU
		{F0D97943-B95C-4478-BB6D-CB9E70CC792B}.Release|Any CPU.Build.0 = Release|Any CPU
		{F0D97943-B95C-4478-BB6D-CB9E70CC792B}.Release|x86.ActiveCfg = Release|Any CPU
		{F0D97943-B95C-4478-BB6D-CB9E70CC792B}.Release|x86.Build.0 = Release|Any CPU
		{1EE0C0E6-950C-48C7-AEC7-ADF0BF0575EF}.Debug|Any CPU.ActiveCfg = Debug|Any CPU
		{1EE0C0E6-950C-48C7-AEC7-ADF0BF0575EF}.Debug|Any CPU.Build.0 = Debug|Any CPU
		{1EE0C0E6-950C-48C7-AEC7-ADF0BF0575EF}.Debug|x86.ActiveCfg = Debug|Any CPU
		{1EE0C0E6-950C-48C7-AEC7-ADF0BF0575EF}.Debug|x86.Build.0 = Debug|Any CPU
		{1EE0C0E6-950C-48C7-AEC7-ADF0BF0575EF}.Release|Any CPU.ActiveCfg = Release|Any CPU
		{1EE0C0E6-950C-48C7-AEC7-ADF0BF0575EF}.Release|Any CPU.Build.0 = Release|Any CPU
		{1EE0C0E6-950C-48C7-AEC7-ADF0BF0575EF}.Release|x86.ActiveCfg = Release|Any CPU
		{1EE0C0E6-950C-48C7-AEC7-ADF0BF0575EF}.Release|x86.Build.0 = Release|Any CPU
		{D983797A-BC68-49DB-AE23-8EFC0B3D8903}.Debug|Any CPU.ActiveCfg = Debug|Any CPU
		{D983797A-BC68-49DB-AE23-8EFC0B3D8903}.Debug|Any CPU.Build.0 = Debug|Any CPU
		{D983797A-BC68-49DB-AE23-8EFC0B3D8903}.Debug|x86.ActiveCfg = Debug|Any CPU
		{D983797A-BC68-49DB-AE23-8EFC0B3D8903}.Debug|x86.Build.0 = Debug|Any CPU
		{D983797A-BC68-49DB-AE23-8EFC0B3D8903}.Release|Any CPU.ActiveCfg = Release|Any CPU
		{D983797A-BC68-49DB-AE23-8EFC0B3D8903}.Release|Any CPU.Build.0 = Release|Any CPU
		{D983797A-BC68-49DB-AE23-8EFC0B3D8903}.Release|x86.ActiveCfg = Release|Any CPU
		{D983797A-BC68-49DB-AE23-8EFC0B3D8903}.Release|x86.Build.0 = Release|Any CPU
		{2BFEE737-5DC6-4049-AC9D-15AA438EC9EB}.Debug|Any CPU.ActiveCfg = Debug|Any CPU
		{2BFEE737-5DC6-4049-AC9D-15AA438EC9EB}.Debug|Any CPU.Build.0 = Debug|Any CPU
		{2BFEE737-5DC6-4049-AC9D-15AA438EC9EB}.Debug|x86.ActiveCfg = Debug|Any CPU
		{2BFEE737-5DC6-4049-AC9D-15AA438EC9EB}.Debug|x86.Build.0 = Debug|Any CPU
		{2BFEE737-5DC6-4049-AC9D-15AA438EC9EB}.Release|Any CPU.ActiveCfg = Release|Any CPU
		{2BFEE737-5DC6-4049-AC9D-15AA438EC9EB}.Release|Any CPU.Build.0 = Release|Any CPU
		{2BFEE737-5DC6-4049-AC9D-15AA438EC9EB}.Release|x86.ActiveCfg = Release|Any CPU
		{2BFEE737-5DC6-4049-AC9D-15AA438EC9EB}.Release|x86.Build.0 = Release|Any CPU
		{45E8A1EB-FF29-4DC9-BF62-BFC5F196D3C6}.Debug|Any CPU.ActiveCfg = Debug|Any CPU
		{45E8A1EB-FF29-4DC9-BF62-BFC5F196D3C6}.Debug|Any CPU.Build.0 = Debug|Any CPU
		{45E8A1EB-FF29-4DC9-BF62-BFC5F196D3C6}.Debug|x86.ActiveCfg = Debug|Any CPU
		{45E8A1EB-FF29-4DC9-BF62-BFC5F196D3C6}.Debug|x86.Build.0 = Debug|Any CPU
		{45E8A1EB-FF29-4DC9-BF62-BFC5F196D3C6}.Release|Any CPU.ActiveCfg = Release|Any CPU
		{45E8A1EB-FF29-4DC9-BF62-BFC5F196D3C6}.Release|Any CPU.Build.0 = Release|Any CPU
		{45E8A1EB-FF29-4DC9-BF62-BFC5F196D3C6}.Release|x86.ActiveCfg = Release|Any CPU
		{45E8A1EB-FF29-4DC9-BF62-BFC5F196D3C6}.Release|x86.Build.0 = Release|Any CPU
	EndGlobalSection
	GlobalSection(SolutionProperties) = preSolution
		HideSolutionNode = FALSE
	EndGlobalSection
	GlobalSection(NestedProjects) = preSolution
		{1B417761-B125-495F-B07D-8A8AC78CCEB2} = {AE332BB1-BB88-4D68-9F78-38E0E7D90B34}
		{1A3D3041-B683-4B9B-AF66-9DCF2930FE42} = {AE332BB1-BB88-4D68-9F78-38E0E7D90B34}
		{1E886EDB-EAEA-4E30-BA6A-0869A54A4495} = {AE332BB1-BB88-4D68-9F78-38E0E7D90B34}
		{502F72C7-D953-4DDD-8B72-C20903B8A234} = {AA374430-8726-4639-A98C-8E448325961A}
		{2C8F69F6-7521-492C-AA56-7F0DC897DAEC} = {AA374430-8726-4639-A98C-8E448325961A}
		{98F167AC-0CFB-4E7F-8E67-57615B373DED} = {9692423D-165D-4C4E-9F1E-45A290582D11}
		{D71F62AB-0202-48EF-AFBB-0861A95E1D34} = {9692423D-165D-4C4E-9F1E-45A290582D11}
		{93DF0E1C-FB3E-4005-B8E7-58806908CA6F} = {0507B016-D3CA-4041-8814-397EEEAD9288}
		{43CF5612-829E-4F11-9192-718171AAFDD9} = {0507B016-D3CA-4041-8814-397EEEAD9288}
		{644CDA73-B24E-4F7E-AFB2-0C1C91FE0945} = {EDE28F08-A808-4069-A03D-802CB5F2A0E7}
		{70CA3773-ACA3-40F7-AD1E-C63EC59EE123} = {EDE28F08-A808-4069-A03D-802CB5F2A0E7}
		{020729AB-C65D-49CB-9B2C-BB0A931EE0E4} = {70CA3773-ACA3-40F7-AD1E-C63EC59EE123}
		{F0D97943-B95C-4478-BB6D-CB9E70CC792B} = {70CA3773-ACA3-40F7-AD1E-C63EC59EE123}
		{1EE0C0E6-950C-48C7-AEC7-ADF0BF0575EF} = {70CA3773-ACA3-40F7-AD1E-C63EC59EE123}
		{D983797A-BC68-49DB-AE23-8EFC0B3D8903} = {644CDA73-B24E-4F7E-AFB2-0C1C91FE0945}
		{2BFEE737-5DC6-4049-AC9D-15AA438EC9EB} = {644CDA73-B24E-4F7E-AFB2-0C1C91FE0945}
		{45E8A1EB-FF29-4DC9-BF62-BFC5F196D3C6} = {644CDA73-B24E-4F7E-AFB2-0C1C91FE0945}
	EndGlobalSection
EndGlobal
