
Microsoft Visual Studio Solution File, Format Version 12.00
# Visual Studio Express 2012 for Web
Project("{FAE04EC0-301F-11D3-BF4B-00C04F79EFBC}") = "Switch", "Switch\Switch.csproj", "{1C8F2E91-19E9-405C-BBCC-2E9EAE6DBD07}"
EndProject
Project("{FAE04EC0-301F-11D3-BF4B-00C04F79EFBC}") = "Switch.Test", "Switch.Test\Switch.Test.csproj", "{BF4DA1F9-6967-427C-91E1-B641E7159BFB}"
EndProject
Global
	GlobalSection(SolutionConfigurationPlatforms) = preSolution
		Debug|Any CPU = Debug|Any CPU
		Release|Any CPU = Release|Any CPU
	EndGlobalSection
	GlobalSection(ProjectConfigurationPlatforms) = postSolution
		{1C8F2E91-19E9-405C-BBCC-2E9EAE6DBD07}.Debug|Any CPU.ActiveCfg = Debug|Any CPU
		{1C8F2E91-19E9-405C-BBCC-2E9EAE6DBD07}.Debug|Any CPU.Build.0 = Debug|Any CPU
		{1C8F2E91-19E9-405C-BBCC-2E9EAE6DBD07}.Release|Any CPU.ActiveCfg = Release|Any CPU
		{1C8F2E91-19E9-405C-BBCC-2E9EAE6DBD07}.Release|Any CPU.Build.0 = Release|Any CPU
		{BF4DA1F9-6967-427C-91E1-B641E7159BFB}.Debug|Any CPU.ActiveCfg = Debug|Any CPU
		{BF4DA1F9-6967-427C-91E1-B641E7159BFB}.Debug|Any CPU.Build.0 = Debug|Any CPU
		{BF4DA1F9-6967-427C-91E1-B641E7159BFB}.Release|Any CPU.ActiveCfg = Release|Any CPU
		{BF4DA1F9-6967-427C-91E1-B641E7159BFB}.Release|Any CPU.Build.0 = Release|Any CPU
	EndGlobalSection
	GlobalSection(SolutionProperties) = preSolution
		HideSolutionNode = FALSE
	EndGlobalSection
EndGlobal
